// !$*UTF8*$!
{
	archiveVersion = 1;
	classes = {
	};
	objectVersion = 56;
	objects = {

/* Begin PBXBuildFile section */
		A74ED31F2C11DD2800A83E2A /* AppDelegate.swift in Sources */ = {isa = PBXBuildFile; fileRef = A74ED31E2C11DD2800A83E2A /* AppDelegate.swift */; };
		A74ED3252C11DD2800A83E2A /* GameScene.swift in Sources */ = {isa = PBXBuildFile; fileRef = A74ED3242C11DD2800A83E2A /* GameScene.swift */; };
		A74ED3272C11DD2800A83E2A /* GameViewController.swift in Sources */ = {isa = PBXBuildFile; fileRef = A74ED3262C11DD2800A83E2A /* GameViewController.swift */; };
		A74ED32A2C11DD2800A83E2A /* Base in Resources */ = {isa = PBXBuildFile; fileRef = A74ED3292C11DD2800A83E2A /* Base */; };
		A74ED32C2C11DD2A00A83E2A /* Assets.xcassets in Resources */ = {isa = PBXBuildFile; fileRef = A74ED32B2C11DD2A00A83E2A /* Assets.xcassets */; };
		A74ED32F2C11DD2A00A83E2A /* Base in Resources */ = {isa = PBXBuildFile; fileRef = A74ED32E2C11DD2A00A83E2A /* Base */; };
		A74ED3382C11DDBD00A83E2A /* Utils.swift in Sources */ = {isa = PBXBuildFile; fileRef = A74ED3372C11DDBD00A83E2A /* Utils.swift */; };
		A74ED33A2C11DDEB00A83E2A /* MenuScene.swift in Sources */ = {isa = PBXBuildFile; fileRef = A74ED3392C11DDEB00A83E2A /* MenuScene.swift */; };
		A74ED33C2C11DE0500A83E2A /* OptionsScene.swift in Sources */ = {isa = PBXBuildFile; fileRef = A74ED33B2C11DE0500A83E2A /* OptionsScene.swift */; };
		A74ED33F2C11DF6E00A83E2A /* Retro Gaming.ttf in Resources */ = {isa = PBXBuildFile; fileRef = A74ED33E2C11DF6E00A83E2A /* Retro Gaming.ttf */; };
		A74ED3412C11E04E00A83E2A /* UserConfig.swift in Sources */ = {isa = PBXBuildFile; fileRef = A74ED3402C11E04E00A83E2A /* UserConfig.swift */; };
/* End PBXBuildFile section */

/* Begin PBXFileReference section */
		A74ED31B2C11DD2800A83E2A /* Chroma Knight.app */ = {isa = PBXFileReference; explicitFileType = wrapper.application; includeInIndex = 0; path = "Chroma Knight.app"; sourceTree = BUILT_PRODUCTS_DIR; };
		A74ED31E2C11DD2800A83E2A /* AppDelegate.swift */ = {isa = PBXFileReference; lastKnownFileType = sourcecode.swift; path = AppDelegate.swift; sourceTree = "<group>"; };
		A74ED3242C11DD2800A83E2A /* GameScene.swift */ = {isa = PBXFileReference; lastKnownFileType = sourcecode.swift; path = GameScene.swift; sourceTree = "<group>"; };
		A74ED3262C11DD2800A83E2A /* GameViewController.swift */ = {isa = PBXFileReference; lastKnownFileType = sourcecode.swift; path = GameViewController.swift; sourceTree = "<group>"; };
		A74ED3292C11DD2800A83E2A /* Base */ = {isa = PBXFileReference; lastKnownFileType = file.storyboard; name = Base; path = Base.lproj/Main.storyboard; sourceTree = "<group>"; };
		A74ED32B2C11DD2A00A83E2A /* Assets.xcassets */ = {isa = PBXFileReference; lastKnownFileType = folder.assetcatalog; path = Assets.xcassets; sourceTree = "<group>"; };
		A74ED32E2C11DD2A00A83E2A /* Base */ = {isa = PBXFileReference; lastKnownFileType = file.storyboard; name = Base; path = Base.lproj/LaunchScreen.storyboard; sourceTree = "<group>"; };
		A74ED3372C11DDBD00A83E2A /* Utils.swift */ = {isa = PBXFileReference; lastKnownFileType = sourcecode.swift; path = Utils.swift; sourceTree = "<group>"; };
		A74ED3392C11DDEB00A83E2A /* MenuScene.swift */ = {isa = PBXFileReference; lastKnownFileType = sourcecode.swift; path = MenuScene.swift; sourceTree = "<group>"; };
		A74ED33B2C11DE0500A83E2A /* OptionsScene.swift */ = {isa = PBXFileReference; lastKnownFileType = sourcecode.swift; path = OptionsScene.swift; sourceTree = "<group>"; };
		A74ED33D2C11DF5400A83E2A /* Chroma-Knight-Info.plist */ = {isa = PBXFileReference; lastKnownFileType = text.plist; path = "Chroma-Knight-Info.plist"; sourceTree = SOURCE_ROOT; };
		A74ED33E2C11DF6E00A83E2A /* Retro Gaming.ttf */ = {isa = PBXFileReference; lastKnownFileType = file; path = "Retro Gaming.ttf"; sourceTree = "<group>"; };
		A74ED3402C11E04E00A83E2A /* UserConfig.swift */ = {isa = PBXFileReference; lastKnownFileType = sourcecode.swift; path = UserConfig.swift; sourceTree = "<group>"; };
/* End PBXFileReference section */

/* Begin PBXFrameworksBuildPhase section */
		A74ED3182C11DD2800A83E2A /* Frameworks */ = {
			isa = PBXFrameworksBuildPhase;
			buildActionMask = 2147483647;
			files = (
			);
			runOnlyForDeploymentPostprocessing = 0;
		};
/* End PBXFrameworksBuildPhase section */

/* Begin PBXGroup section */
		A74ED3122C11DD2800A83E2A = {
			isa = PBXGroup;
			children = (
				A74ED31D2C11DD2800A83E2A /* Chroma Knight */,
				A74ED31C2C11DD2800A83E2A /* Products */,
			);
			sourceTree = "<group>";
		};
		A74ED31C2C11DD2800A83E2A /* Products */ = {
			isa = PBXGroup;
			children = (
				A74ED31B2C11DD2800A83E2A /* Chroma Knight.app */,
			);
			name = Products;
			sourceTree = "<group>";
		};
		A74ED31D2C11DD2800A83E2A /* Chroma Knight */ = {
			isa = PBXGroup;
			children = (
				A74ED33D2C11DF5400A83E2A /* Chroma-Knight-Info.plist */,
				A74ED3362C11DDAA00A83E2A /* Utils */,
				A74ED3352C11DD9C00A83E2A /* Scenes */,
				A74ED31E2C11DD2800A83E2A /* AppDelegate.swift */,
				A74ED3262C11DD2800A83E2A /* GameViewController.swift */,
				A74ED3402C11E04E00A83E2A /* UserConfig.swift */,
				A74ED3282C11DD2800A83E2A /* Main.storyboard */,
				A74ED32B2C11DD2A00A83E2A /* Assets.xcassets */,
				A74ED32D2C11DD2A00A83E2A /* LaunchScreen.storyboard */,
				A74ED33E2C11DF6E00A83E2A /* Retro Gaming.ttf */,
			);
			path = "Chroma Knight";
			sourceTree = "<group>";
		};
		A74ED3352C11DD9C00A83E2A /* Scenes */ = {
			isa = PBXGroup;
			children = (
				A74ED3392C11DDEB00A83E2A /* MenuScene.swift */,
				A74ED3242C11DD2800A83E2A /* GameScene.swift */,
				A74ED33B2C11DE0500A83E2A /* OptionsScene.swift */,
			);
			path = Scenes;
			sourceTree = "<group>";
		};
		A74ED3362C11DDAA00A83E2A /* Utils */ = {
			isa = PBXGroup;
			children = (
				A74ED3372C11DDBD00A83E2A /* Utils.swift */,
			);
			path = Utils;
			sourceTree = "<group>";
		};
/* End PBXGroup section */

/* Begin PBXNativeTarget section */
		A74ED31A2C11DD2800A83E2A /* Chroma Knight */ = {
			isa = PBXNativeTarget;
			buildConfigurationList = A74ED3322C11DD2A00A83E2A /* Build configuration list for PBXNativeTarget "Chroma Knight" */;
			buildPhases = (
				A74ED3172C11DD2800A83E2A /* Sources */,
				A74ED3182C11DD2800A83E2A /* Frameworks */,
				A74ED3192C11DD2800A83E2A /* Resources */,
			);
			buildRules = (
			);
			dependencies = (
			);
			name = "Chroma Knight";
			productName = "Chroma Knight";
			productReference = A74ED31B2C11DD2800A83E2A /* Chroma Knight.app */;
			productType = "com.apple.product-type.application";
		};
/* End PBXNativeTarget section */

/* Begin PBXProject section */
		A74ED3132C11DD2800A83E2A /* Project object */ = {
			isa = PBXProject;
			attributes = {
				BuildIndependentTargetsInParallel = 1;
				LastSwiftUpdateCheck = 1540;
				LastUpgradeCheck = 1540;
				TargetAttributes = {
					A74ED31A2C11DD2800A83E2A = {
						CreatedOnToolsVersion = 15.4;
					};
				};
			};
			buildConfigurationList = A74ED3162C11DD2800A83E2A /* Build configuration list for PBXProject "Chroma Knight" */;
			compatibilityVersion = "Xcode 14.0";
			developmentRegion = en;
			hasScannedForEncodings = 0;
			knownRegions = (
				en,
				Base,
			);
			mainGroup = A74ED3122C11DD2800A83E2A;
			productRefGroup = A74ED31C2C11DD2800A83E2A /* Products */;
			projectDirPath = "";
			projectRoot = "";
			targets = (
				A74ED31A2C11DD2800A83E2A /* Chroma Knight */,
			);
		};
/* End PBXProject section */

/* Begin PBXResourcesBuildPhase section */
		A74ED3192C11DD2800A83E2A /* Resources */ = {
			isa = PBXResourcesBuildPhase;
			buildActionMask = 2147483647;
			files = (
				A74ED32A2C11DD2800A83E2A /* Base in Resources */,
				A74ED32C2C11DD2A00A83E2A /* Assets.xcassets in Resources */,
				A74ED32F2C11DD2A00A83E2A /* Base in Resources */,
				A74ED33F2C11DF6E00A83E2A /* Retro Gaming.ttf in Resources */,
			);
			runOnlyForDeploymentPostprocessing = 0;
		};
/* End PBXResourcesBuildPhase section */

/* Begin PBXSourcesBuildPhase section */
		A74ED3172C11DD2800A83E2A /* Sources */ = {
			isa = PBXSourcesBuildPhase;
			buildActionMask = 2147483647;
			files = (
				A74ED3252C11DD2800A83E2A /* GameScene.swift in Sources */,
				A74ED3272C11DD2800A83E2A /* GameViewController.swift in Sources */,
				A74ED33A2C11DDEB00A83E2A /* MenuScene.swift in Sources */,
				A74ED31F2C11DD2800A83E2A /* AppDelegate.swift in Sources */,
				A74ED3382C11DDBD00A83E2A /* Utils.swift in Sources */,
				A74ED33C2C11DE0500A83E2A /* OptionsScene.swift in Sources */,
				A74ED3412C11E04E00A83E2A /* UserConfig.swift in Sources */,
			);
			runOnlyForDeploymentPostprocessing = 0;
		};
/* End PBXSourcesBuildPhase section */

/* Begin PBXVariantGroup section */
		A74ED3282C11DD2800A83E2A /* Main.storyboard */ = {
			isa = PBXVariantGroup;
			children = (
				A74ED3292C11DD2800A83E2A /* Base */,
			);
			name = Main.storyboard;
			sourceTree = "<group>";
		};
		A74ED32D2C11DD2A00A83E2A /* LaunchScreen.storyboard */ = {
			isa = PBXVariantGroup;
			children = (
				A74ED32E2C11DD2A00A83E2A /* Base */,
			);
			name = LaunchScreen.storyboard;
			sourceTree = "<group>";
		};
/* End PBXVariantGroup section */

/* Begin XCBuildConfiguration section */
		A74ED3302C11DD2A00A83E2A /* Debug */ = {
			isa = XCBuildConfiguration;
			buildSettings = {
				ALWAYS_SEARCH_USER_PATHS = NO;
				ASSETCATALOG_COMPILER_GENERATE_SWIFT_ASSET_SYMBOL_EXTENSIONS = YES;
				CLANG_ANALYZER_NONNULL = YES;
				CLANG_ANALYZER_NUMBER_OBJECT_CONVERSION = YES_AGGRESSIVE;
				CLANG_CXX_LANGUAGE_STANDARD = "gnu++20";
				CLANG_ENABLE_MODULES = YES;
				CLANG_ENABLE_OBJC_ARC = YES;
				CLANG_ENABLE_OBJC_WEAK = YES;
				CLANG_WARN_BLOCK_CAPTURE_AUTORELEASING = YES;
				CLANG_WARN_BOOL_CONVERSION = YES;
				CLANG_WARN_COMMA = YES;
				CLANG_WARN_CONSTANT_CONVERSION = YES;
				CLANG_WARN_DEPRECATED_OBJC_IMPLEMENTATIONS = YES;
				CLANG_WARN_DIRECT_OBJC_ISA_USAGE = YES_ERROR;
				CLANG_WARN_DOCUMENTATION_COMMENTS = YES;
				CLANG_WARN_EMPTY_BODY = YES;
				CLANG_WARN_ENUM_CONVERSION = YES;
				CLANG_WARN_INFINITE_RECURSION = YES;
				CLANG_WARN_INT_CONVERSION = YES;
				CLANG_WARN_NON_LITERAL_NULL_CONVERSION = YES;
				CLANG_WARN_OBJC_IMPLICIT_RETAIN_SELF = YES;
				CLANG_WARN_OBJC_LITERAL_CONVERSION = YES;
				CLANG_WARN_OBJC_ROOT_CLASS = YES_ERROR;
				CLANG_WARN_QUOTED_INCLUDE_IN_FRAMEWORK_HEADER = YES;
				CLANG_WARN_RANGE_LOOP_ANALYSIS = YES;
				CLANG_WARN_STRICT_PROTOTYPES = YES;
				CLANG_WARN_SUSPICIOUS_MOVE = YES;
				CLANG_WARN_UNGUARDED_AVAILABILITY = YES_AGGRESSIVE;
				CLANG_WARN_UNREACHABLE_CODE = YES;
				CLANG_WARN__DUPLICATE_METHOD_MATCH = YES;
				COPY_PHASE_STRIP = NO;
				DEBUG_INFORMATION_FORMAT = dwarf;
				ENABLE_STRICT_OBJC_MSGSEND = YES;
				ENABLE_TESTABILITY = YES;
				ENABLE_USER_SCRIPT_SANDBOXING = YES;
				GCC_C_LANGUAGE_STANDARD = gnu17;
				GCC_DYNAMIC_NO_PIC = NO;
				GCC_NO_COMMON_BLOCKS = YES;
				GCC_OPTIMIZATION_LEVEL = 0;
				GCC_PREPROCESSOR_DEFINITIONS = (
					"DEBUG=1",
					"$(inherited)",
				);
				GCC_WARN_64_TO_32_BIT_CONVERSION = YES;
				GCC_WARN_ABOUT_RETURN_TYPE = YES_ERROR;
				GCC_WARN_UNDECLARED_SELECTOR = YES;
				GCC_WARN_UNINITIALIZED_AUTOS = YES_AGGRESSIVE;
				GCC_WARN_UNUSED_FUNCTION = YES;
				GCC_WARN_UNUSED_VARIABLE = YES;
				IPHONEOS_DEPLOYMENT_TARGET = 17.5;
				LOCALIZATION_PREFERS_STRING_CATALOGS = YES;
				MTL_ENABLE_DEBUG_INFO = INCLUDE_SOURCE;
				MTL_FAST_MATH = YES;
				ONLY_ACTIVE_ARCH = YES;
				SDKROOT = iphoneos;
				SWIFT_ACTIVE_COMPILATION_CONDITIONS = "DEBUG $(inherited)";
				SWIFT_OPTIMIZATION_LEVEL = "-Onone";
			};
			name = Debug;
		};
		A74ED3312C11DD2A00A83E2A /* Release */ = {
			isa = XCBuildConfiguration;
			buildSettings = {
				ALWAYS_SEARCH_USER_PATHS = NO;
				ASSETCATALOG_COMPILER_GENERATE_SWIFT_ASSET_SYMBOL_EXTENSIONS = YES;
				CLANG_ANALYZER_NONNULL = YES;
				CLANG_ANALYZER_NUMBER_OBJECT_CONVERSION = YES_AGGRESSIVE;
				CLANG_CXX_LANGUAGE_STANDARD = "gnu++20";
				CLANG_ENABLE_MODULES = YES;
				CLANG_ENABLE_OBJC_ARC = YES;
				CLANG_ENABLE_OBJC_WEAK = YES;
				CLANG_WARN_BLOCK_CAPTURE_AUTORELEASING = YES;
				CLANG_WARN_BOOL_CONVERSION = YES;
				CLANG_WARN_COMMA = YES;
				CLANG_WARN_CONSTANT_CONVERSION = YES;
				CLANG_WARN_DEPRECATED_OBJC_IMPLEMENTATIONS = YES;
				CLANG_WARN_DIRECT_OBJC_ISA_USAGE = YES_ERROR;
				CLANG_WARN_DOCUMENTATION_COMMENTS = YES;
				CLANG_WARN_EMPTY_BODY = YES;
				CLANG_WARN_ENUM_CONVERSION = YES;
				CLANG_WARN_INFINITE_RECURSION = YES;
				CLANG_WARN_INT_CONVERSION = YES;
				CLANG_WARN_NON_LITERAL_NULL_CONVERSION = YES;
				CLANG_WARN_OBJC_IMPLICIT_RETAIN_SELF = YES;
				CLANG_WARN_OBJC_LITERAL_CONVERSION = YES;
				CLANG_WARN_OBJC_ROOT_CLASS = YES_ERROR;
				CLANG_WARN_QUOTED_INCLUDE_IN_FRAMEWORK_HEADER = YES;
				CLANG_WARN_RANGE_LOOP_ANALYSIS = YES;
				CLANG_WARN_STRICT_PROTOTYPES = YES;
				CLANG_WARN_SUSPICIOUS_MOVE = YES;
				CLANG_WARN_UNGUARDED_AVAILABILITY = YES_AGGRESSIVE;
				CLANG_WARN_UNREACHABLE_CODE = YES;
				CLANG_WARN__DUPLICATE_METHOD_MATCH = YES;
				COPY_PHASE_STRIP = NO;
				DEBUG_INFORMATION_FORMAT = "dwarf-with-dsym";
				ENABLE_NS_ASSERTIONS = NO;
				ENABLE_STRICT_OBJC_MSGSEND = YES;
				ENABLE_USER_SCRIPT_SANDBOXING = YES;
				GCC_C_LANGUAGE_STANDARD = gnu17;
				GCC_NO_COMMON_BLOCKS = YES;
				GCC_WARN_64_TO_32_BIT_CONVERSION = YES;
				GCC_WARN_ABOUT_RETURN_TYPE = YES_ERROR;
				GCC_WARN_UNDECLARED_SELECTOR = YES;
				GCC_WARN_UNINITIALIZED_AUTOS = YES_AGGRESSIVE;
				GCC_WARN_UNUSED_FUNCTION = YES;
				GCC_WARN_UNUSED_VARIABLE = YES;
				IPHONEOS_DEPLOYMENT_TARGET = 17.5;
				LOCALIZATION_PREFERS_STRING_CATALOGS = YES;
				MTL_ENABLE_DEBUG_INFO = NO;
				MTL_FAST_MATH = YES;
				SDKROOT = iphoneos;
				SWIFT_COMPILATION_MODE = wholemodule;
				VALIDATE_PRODUCT = YES;
			};
			name = Release;
		};
		A74ED3332C11DD2A00A83E2A /* Debug */ = {
			isa = XCBuildConfiguration;
			buildSettings = {
				ASSETCATALOG_COMPILER_APPICON_NAME = AppIcon;
				ASSETCATALOG_COMPILER_GLOBAL_ACCENT_COLOR_NAME = AccentColor;
				CODE_SIGN_STYLE = Automatic;
				CURRENT_PROJECT_VERSION = 1;
				DEVELOPMENT_TEAM = DFJUFQ6A3N;
				GENERATE_INFOPLIST_FILE = YES;
				INFOPLIST_FILE = "Chroma-Knight-Info.plist";
				INFOPLIST_KEY_UIApplicationSupportsIndirectInputEvents = YES;
				INFOPLIST_KEY_UILaunchStoryboardName = LaunchScreen;
				INFOPLIST_KEY_UIMainStoryboardFile = Main;
				INFOPLIST_KEY_UIStatusBarHidden = YES;
				INFOPLIST_KEY_UISupportedInterfaceOrientations = "UIInterfaceOrientationLandscapeLeft UIInterfaceOrientationLandscapeRight";
				INFOPLIST_KEY_UISupportedInterfaceOrientations_iPad = "UIInterfaceOrientationLandscapeLeft UIInterfaceOrientationLandscapeRight UIInterfaceOrientationPortrait UIInterfaceOrientationPortraitUpsideDown";
				LD_RUNPATH_SEARCH_PATHS = (
					"$(inherited)",
					"@executable_path/Frameworks",
				);
				MARKETING_VERSION = 1.0;
				PRODUCT_BUNDLE_IDENTIFIER = "com.tpdias.Chroma-Knight";
				PRODUCT_NAME = "$(TARGET_NAME)";
				SWIFT_EMIT_LOC_STRINGS = YES;
				SWIFT_VERSION = 5.0;
				TARGETED_DEVICE_FAMILY = "1,2";
			};
			name = Debug;
		};
		A74ED3342C11DD2A00A83E2A /* Release */ = {
			isa = XCBuildConfiguration;
			buildSettings = {
				ASSETCATALOG_COMPILER_APPICON_NAME = AppIcon;
				ASSETCATALOG_COMPILER_GLOBAL_ACCENT_COLOR_NAME = AccentColor;
				CODE_SIGN_STYLE = Automatic;
				CURRENT_PROJECT_VERSION = 1;
				DEVELOPMENT_TEAM = DFJUFQ6A3N;
				GENERATE_INFOPLIST_FILE = YES;
				INFOPLIST_FILE = "Chroma-Knight-Info.plist";
				INFOPLIST_KEY_UIApplicationSupportsIndirectInputEvents = YES;
				INFOPLIST_KEY_UILaunchStoryboardName = LaunchScreen;
				INFOPLIST_KEY_UIMainStoryboardFile = Main;
				INFOPLIST_KEY_UIStatusBarHidden = YES;
				INFOPLIST_KEY_UISupportedInterfaceOrientations = "UIInterfaceOrientationLandscapeLeft UIInterfaceOrientationLandscapeRight";
				INFOPLIST_KEY_UISupportedInterfaceOrientations_iPad = "UIInterfaceOrientationLandscapeLeft UIInterfaceOrientationLandscapeRight UIInterfaceOrientationPortrait UIInterfaceOrientationPortraitUpsideDown";
				LD_RUNPATH_SEARCH_PATHS = (
					"$(inherited)",
					"@executable_path/Frameworks",
				);
				MARKETING_VERSION = 1.0;
				PRODUCT_BUNDLE_IDENTIFIER = "com.tpdias.Chroma-Knight";
				PRODUCT_NAME = "$(TARGET_NAME)";
				SWIFT_EMIT_LOC_STRINGS = YES;
				SWIFT_VERSION = 5.0;
				TARGETED_DEVICE_FAMILY = "1,2";
			};
			name = Release;
		};
/* End XCBuildConfiguration section */

/* Begin XCConfigurationList section */
		A74ED3162C11DD2800A83E2A /* Build configuration list for PBXProject "Chroma Knight" */ = {
			isa = XCConfigurationList;
			buildConfigurations = (
				A74ED3302C11DD2A00A83E2A /* Debug */,
				A74ED3312C11DD2A00A83E2A /* Release */,
			);
			defaultConfigurationIsVisible = 0;
			defaultConfigurationName = Release;
		};
		A74ED3322C11DD2A00A83E2A /* Build configuration list for PBXNativeTarget "Chroma Knight" */ = {
			isa = XCConfigurationList;
			buildConfigurations = (
				A74ED3332C11DD2A00A83E2A /* Debug */,
				A74ED3342C11DD2A00A83E2A /* Release */,
			);
			defaultConfigurationIsVisible = 0;
			defaultConfigurationName = Release;
		};
/* End XCConfigurationList section */
	};
	rootObject = A74ED3132C11DD2800A83E2A /* Project object */;
}
